
Microsoft Visual Studio Solution File, Format Version 12.00
# Visual Studio Version 16
VisualStudioVersion = 16.0.30002.166
MinimumVisualStudioVersion = 10.0.40219.1
Project("{FAE04EC0-301F-11D3-BF4B-00C04F79EFBC}") = "ChestScan", "ChestScan\ChestScan.csproj", "{7CF967B8-1CE1-463F-868E-E4B9D38F8808}"
EndProject
Global
	GlobalSection(SolutionConfigurationPlatforms) = preSolution
		Debug|Any CPU = Debug|Any CPU
		Release|Any CPU = Release|Any CPU
	EndGlobalSection
	GlobalSection(ProjectConfigurationPlatforms) = postSolution
		{7CF967B8-1CE1-463F-868E-E4B9D38F8808}.Debug|Any CPU.ActiveCfg = Debug|Any CPU
		{7CF967B8-1CE1-463F-868E-E4B9D38F8808}.Debug|Any CPU.Build.0 = Debug|Any CPU
		{7CF967B8-1CE1-463F-868E-E4B9D38F8808}.Release|Any CPU.ActiveCfg = Release|Any CPU
		{7CF967B8-1CE1-463F-868E-E4B9D38F8808}.Release|Any CPU.Build.0 = Release|Any CPU
	EndGlobalSection
	GlobalSection(SolutionProperties) = preSolution
		HideSolutionNode = FALSE
	EndGlobalSection
	GlobalSection(ExtensibilityGlobals) = postSolution
		SolutionGuid = {A44B378D-A47E-48E0-980E-C1377CF9A428}
	EndGlobalSection
EndGlobal
